
Microsoft Visual Studio Solution File, Format Version 12.00
# Visual Studio Version 17
VisualStudioVersion = 17.12.35527.113
MinimumVisualStudioVersion = 10.0.40219.1
Project("{FAE04EC0-301F-11D3-BF4B-00C04F79EFBC}") = "SavaAPI", "SavaAPI\SavaAPI.csproj", "{D0DE3D86-A0E8-4F38-8FBF-7818F43CBDD9}"
EndProject
Project("{FAE04EC0-301F-11D3-BF4B-00C04F79EFBC}") = "SavaAPI-Test", "SavaAPI-Test\SavaAPI-Test.csproj", "{DCE28C0C-8626-43DE-9A03-E7671E8F41F0}"
EndProject
Global
	GlobalSection(SolutionConfigurationPlatforms) = preSolution
		Debug|Any CPU = Debug|Any CPU
		Release|Any CPU = Release|Any CPU
	EndGlobalSection
	GlobalSection(ProjectConfigurationPlatforms) = postSolution
		{D0DE3D86-A0E8-4F38-8FBF-7818F43CBDD9}.Debug|Any CPU.ActiveCfg = Debug|Any CPU
		{D0DE3D86-A0E8-4F38-8FBF-7818F43CBDD9}.Debug|Any CPU.Build.0 = Debug|Any CPU
		{D0DE3D86-A0E8-4F38-8FBF-7818F43CBDD9}.Release|Any CPU.ActiveCfg = Release|Any CPU
		{D0DE3D86-A0E8-4F38-8FBF-7818F43CBDD9}.Release|Any CPU.Build.0 = Release|Any CPU
		{DCE28C0C-8626-43DE-9A03-E7671E8F41F0}.Debug|Any CPU.ActiveCfg = Debug|Any CPU
		{DCE28C0C-8626-43DE-9A03-E7671E8F41F0}.Debug|Any CPU.Build.0 = Debug|Any CPU
		{DCE28C0C-8626-43DE-9A03-E7671E8F41F0}.Release|Any CPU.ActiveCfg = Release|Any CPU
		{DCE28C0C-8626-43DE-9A03-E7671E8F41F0}.Release|Any CPU.Build.0 = Release|Any CPU
	EndGlobalSection
	GlobalSection(SolutionProperties) = preSolution
		HideSolutionNode = FALSE
	EndGlobalSection
EndGlobal
